<?xml version="1.0" encoding="utf-8"?>
<Project ToolsVersion="4.0" xmlns="http://schemas.microsoft.com/developer/msbuild/2003">
  <ItemGroup>
    <Filter Include="Source Files">
      <UniqueIdentifier>{4FC737F1-C7A5-4376-A066-2A32D752A2FF}</UniqueIdentifier>
      <Extensions>cpp;c;cc;cxx;def;odl;idl;hpj;bat;asm;asmx</Extensions>
    </Filter>
    <Filter Include="Header Files">
      <UniqueIdentifier>{93995380-89BD-4b04-88EB-625FBE52EBFB}</UniqueIdentifier>
      <Extensions>h;hh;hpp;hxx;hm;inl;inc;ipp;xsd</Extensions>
    </Filter>
    <Filter Include="Resource Files">
      <UniqueIdentifier>{67DA6AB6-F800-4c08-8B7A-83BB121AAD01}</UniqueIdentifier>
      <Extensions>rc;ico;cur;bmp;dlg;rc2;rct;bin;rgs;gif;jpg;jpeg;jpe;resx;tiff;tif;png;wav;mfcribbon-ms</Extensions>
    </Filter>
    <Filter Include="Header Files\ESIF SDK">
      <UniqueIdentifier>{ae47e2cf-0ca9-4eb8-b081-d875b4067393}</UniqueIdentifier>
    </Filter>
  </ItemGroup>
  <ItemGroup>
    <ClCompile Include="..\..\Sources\sampleapp1.c">
      <Filter>Source Files</Filter>
    </ClCompile>
  </ItemGroup>
  <ItemGroup>
    <ResourceCompile Include="sampleapp1.rc">
      <Filter>Resource Files</Filter>
    </ResourceCompile>
  </ItemGroup>
  <ItemGroup>
    <ClInclude Include="..\..\..\Sources\Common\ipf_core_api.h">
      <Filter>Header Files</Filter>
    </ClInclude>
    <ClInclude Include="..\..\..\Sources\Common\ipf_version.h">
      <Filter>Header Files</Filter>
    </ClInclude>
    <ClInclude Include="..\..\..\..\Common\esif_ccb.h">
      <Filter>Header Files\ESIF SDK</Filter>
    </ClInclude>
    <ClInclude Include="..\..\..\..\Common\esif_ccb_rc.h">
      <Filter>Header Files\ESIF SDK</Filter>
    </ClInclude>
    <ClInclude Include="..\..\..\..\Common\esif_sdk.h">
      <Filter>Header Files\ESIF SDK</Filter>
    </ClInclude>
    <ClInclude Include="..\..\..\..\Common\esif_sdk_data.h">
      <Filter>Header Files\ESIF SDK</Filter>
    </ClInclude>
    <ClInclude Include="..\..\..\..\Common\esif_sdk_data_type.h">
      <Filter>Header Files\ESIF SDK</Filter>
    </ClInclude>
    <ClInclude Include="..\..\..\..\Common\esif_sdk_event_type.h">
      <Filter>Header Files\ESIF SDK</Filter>
    </ClInclude>
    <ClInclude Include="..\..\..\..\Common\Ver.h">
      <Filter>Header Files\ESIF SDK</Filter>
    </ClInclude>
  </ItemGroup>
</Project>